{
  "version": 4,
  "terraform_version": "0.12.17",
  "serial": 19,
  "lineage": "769d92d5-9780-fe3c-8c9b-331bb3f8d93a",
  "outputs": {},
  "resources": [
    {
      "module": "module.backend",
      "mode": "data",
      "type": "aws_iam_user",
      "name": "operators",
      "each": "list",
      "provider": "module.backend.provider.aws",
      "instances": [
        {
          "index_key": 0,
          "schema_version": 0,
          "attributes": {
            "arn": "arn:aws:iam::177070923074:user/orionuser",
            "id": "AIDASSOR73VBAHKPR35YE",
            "path": "/",
            "permissions_boundary": "",
            "tags": {
              "Position": "Cloud Engineer Admin"
            },
            "user_id": "AIDASSOR73VBAHKPR35YE",
            "user_name": "orionuser"
          }
        }
      ]
    },
    {
      "module": "module.backend",
      "mode": "data",
      "type": "template_file",
      "name": "operator_arn",
      "each": "list",
      "provider": "provider.template",
      "instances": [
        {
          "index_key": 0,
          "schema_version": 0,
          "attributes": {
            "filename": null,
            "id": "9631edd0db251a578397f83f1d2a07cf0ac80b9c194031ac6be51a337d717ee5",
            "rendered": "\"arn:aws:iam::177070923074:user/orionuser\"",
            "template": "\"${arn}\"",
            "vars": {
              "arn": "arn:aws:iam::177070923074:user/orionuser"
            }
          }
        }
      ]
    },
    {
      "module": "module.backend",
      "mode": "data",
      "type": "template_file",
      "name": "terraform_state_policy",
      "each": "list",
      "provider": "provider.template",
      "instances": [
        {
          "index_key": 0,
          "schema_version": 0,
          "attributes": {
            "filename": null,
            "id": "072f48bb2f0ddf9f6bc677a1c6a7fee230f9714aa3d30461045caa961e6b3b4a",
            "rendered": "{\n  \"Version\": \"2012-10-17\",\n  \"Statement\": [\n    {\n      \"Sid\": \"Stmt1664866983210\",\n      \"Action\": \"s3:*\",\n      \"Effect\": \"Allow\",\n      \"Resource\": \"arn:aws:s3:::demoapp-terraform-state\",\n      \"Principal\": \"*\"\n    }\n  ]\n}\n",
            "template": "{\n  \"Version\": \"2012-10-17\",\n  \"Statement\": [\n    {\n      \"Sid\": \"Stmt1664866983210\",\n      \"Action\": \"s3:*\",\n      \"Effect\": \"Allow\",\n      \"Resource\": \"arn:aws:s3:::demoapp-terraform-state\",\n      \"Principal\": \"*\"\n    }\n  ]\n}\n",
            "vars": {
              "bucket": "arn:aws:s3:::demoapp-terraform-state",
              "operators": "\"arn:aws:iam::177070923074:user/orionuser\""
            }
          }
        }
      ]
    },
    {
      "module": "module.backend",
      "mode": "managed",
      "type": "aws_dynamodb_table",
      "name": "terraform_statelock",
      "each": "list",
      "provider": "module.backend.provider.aws",
      "instances": [
        {
          "index_key": 0,
          "schema_version": 1,
          "attributes": {
            "arn": "arn:aws:dynamodb:ap-southeast-1:177070923074:table/TikalTerraformStatelock",
            "attribute": [
              {
                "name": "LockID",
                "type": "S"
              }
            ],
            "billing_mode": "PROVISIONED",
            "global_secondary_index": [],
            "hash_key": "LockID",
            "id": "TikalTerraformStatelock",
            "local_secondary_index": [],
            "name": "TikalTerraformStatelock",
            "point_in_time_recovery": [
              {
                "enabled": false
              }
            ],
            "range_key": null,
            "read_capacity": 1,
            "replica": [],
            "server_side_encryption": [],
            "stream_arn": "",
            "stream_enabled": false,
            "stream_label": "",
            "stream_view_type": "",
            "tags": {
              "Origin": "Terraform"
            },
            "timeouts": null,
            "ttl": [
              {
                "attribute_name": "",
                "enabled": false
              }
            ],
            "write_capacity": 1
          },
          "private": "eyJlMmJmYjczMC1lY2FhLTExZTYtOGY4OC0zNDM2M2JjN2M0YzAiOnsiY3JlYXRlIjoxMjAwMDAwMDAwMDAwLCJkZWxldGUiOjYwMDAwMDAwMDAwMCwidXBkYXRlIjozNjAwMDAwMDAwMDAwfSwic2NoZW1hX3ZlcnNpb24iOiIxIn0="
        }
      ]
    },
    {
      "module": "module.backend",
      "mode": "managed",
      "type": "aws_kms_key",
      "name": "tf_enc_key",
      "each": "list",
      "provider": "module.backend.provider.aws",
      "instances": [
        {
          "index_key": 0,
          "schema_version": 0,
          "attributes": {
            "arn": "arn:aws:kms:ap-southeast-1:177070923074:key/ba025958-0e6e-435c-9dd9-a9995ac8e7ed",
            "customer_master_key_spec": "SYMMETRIC_DEFAULT",
            "deletion_window_in_days": 30,
            "description": "Global Terraform state encryption key",
            "enable_key_rotation": false,
            "id": "ba025958-0e6e-435c-9dd9-a9995ac8e7ed",
            "is_enabled": true,
            "key_id": "ba025958-0e6e-435c-9dd9-a9995ac8e7ed",
            "key_usage": "ENCRYPT_DECRYPT",
            "policy": "{\"Id\":\"key-default-1\",\"Statement\":[{\"Action\":\"kms:*\",\"Effect\":\"Allow\",\"Principal\":{\"AWS\":\"arn:aws:iam::177070923074:root\"},\"Resource\":\"*\",\"Sid\":\"Enable IAM User Permissions\"}],\"Version\":\"2012-10-17\"}",
            "tags": {
              "Origin": "Terraform"
            }
          },
          "private": "bnVsbA=="
        }
      ]
    },
    {
      "module": "module.backend",
      "mode": "managed",
      "type": "aws_s3_bucket",
      "name": "terraform_state",
      "each": "list",
      "provider": "module.backend.provider.aws",
      "instances": [
        {
          "index_key": 0,
          "schema_version": 0,
          "attributes": {
            "acceleration_status": "",
            "acl": "private",
            "arn": "arn:aws:s3:::demoapp-terraform-state",
            "bucket": "demoapp-terraform-state",
            "bucket_domain_name": "demoapp-terraform-state.s3.amazonaws.com",
            "bucket_prefix": null,
            "bucket_regional_domain_name": "demoapp-terraform-state.s3.ap-southeast-1.amazonaws.com",
            "cors_rule": [],
            "force_destroy": false,
            "grant": [],
            "hosted_zone_id": "Z3O0J2DXBE1FTB",
            "id": "demoapp-terraform-state",
            "lifecycle_rule": [
              {
                "abort_incomplete_multipart_upload_days": 0,
                "enabled": true,
                "expiration": [],
                "id": "expire",
                "noncurrent_version_expiration": [
                  {
                    "days": 90
                  }
                ],
                "noncurrent_version_transition": [],
                "prefix": "",
                "tags": {},
                "transition": []
              }
            ],
            "logging": [],
            "object_lock_configuration": [],
            "policy": null,
            "region": "ap-southeast-1",
            "replication_configuration": [],
            "request_payer": "BucketOwner",
            "server_side_encryption_configuration": [
              {
                "rule": [
                  {
                    "apply_server_side_encryption_by_default": [
                      {
                        "kms_master_key_id": "arn:aws:kms:ap-southeast-1:177070923074:key/ba025958-0e6e-435c-9dd9-a9995ac8e7ed",
                        "sse_algorithm": "aws:kms"
                      }
                    ],
                    "bucket_key_enabled": false
                  }
                ]
              }
            ],
            "tags": {
              "Origin": "Terraform"
            },
            "versioning": [
              {
                "enabled": true,
                "mfa_delete": false
              }
            ],
            "website": [],
            "website_domain": null,
            "website_endpoint": null
          },
          "private": "bnVsbA==",
          "dependencies": [
            "module.backend.aws_kms_key.tf_enc_key"
          ]
        }
      ]
    },
    {
      "module": "module.backend",
      "mode": "managed",
      "type": "aws_s3_bucket_policy",
      "name": "terraform_state",
      "each": "list",
      "provider": "module.backend.provider.aws",
      "instances": [
        {
          "index_key": 0,
          "schema_version": 0,
          "attributes": {
            "bucket": "demoapp-terraform-state",
            "id": "demoapp-terraform-state",
            "policy": "{\"Version\":\"2012-10-17\",\"Statement\":[{\"Sid\":\"Stmt1664866983210\",\"Effect\":\"Allow\",\"Principal\":\"*\",\"Action\":\"s3:*\",\"Resource\":\"arn:aws:s3:::demoapp-terraform-state\"}]}"
          },
          "private": "bnVsbA==",
          "dependencies": [
            "module.backend.aws_kms_key.tf_enc_key",
            "module.backend.aws_s3_bucket.terraform_state"
          ]
        }
      ]
    },
    {
      "module": "module.backend",
      "mode": "managed",
      "type": "aws_s3_bucket_public_access_block",
      "name": "terraform_state_policy",
      "each": "list",
      "provider": "module.backend.provider.aws",
      "instances": []
    }
  ]
}
